
Microsoft Visual Studio Solution File, Format Version 12.00
# Visual Studio Version 16
VisualStudioVersion = 16.0.30204.135
MinimumVisualStudioVersion = 10.0.40219.1
Project("{F184B08F-C81C-45F6-A57F-5ABD9991F28F}") = "Prorrateo", "Prorrateo.Presentacion\Prorrateo.vbproj", "{BB041B90-7CB5-41D8-A1C2-379C5CB115F5}"
EndProject
Global
	GlobalSection(SolutionConfigurationPlatforms) = preSolution
		Debug|Any CPU = Debug|Any CPU
		Release|Any CPU = Release|Any CPU
	EndGlobalSection
	GlobalSection(ProjectConfigurationPlatforms) = postSolution
		{BB041B90-7CB5-41D8-A1C2-379C5CB115F5}.Debug|Any CPU.ActiveCfg = Debug|Any CPU
		{BB041B90-7CB5-41D8-A1C2-379C5CB115F5}.Debug|Any CPU.Build.0 = Debug|Any CPU
		{BB041B90-7CB5-41D8-A1C2-379C5CB115F5}.Release|Any CPU.ActiveCfg = Release|Any CPU
		{BB041B90-7CB5-41D8-A1C2-379C5CB115F5}.Release|Any CPU.Build.0 = Release|Any CPU
	EndGlobalSection
	GlobalSection(SolutionProperties) = preSolution
		HideSolutionNode = FALSE
	EndGlobalSection
	GlobalSection(ExtensibilityGlobals) = postSolution
		SolutionGuid = {2FC8CD12-0396-49D8-A089-808C7950534E}
	EndGlobalSection
EndGlobal
